
Microsoft Visual Studio Solution File, Format Version 12.00
# Visual Studio Version 16
VisualStudioVersion = 16.0.31515.178
MinimumVisualStudioVersion = 10.0.40219.1
Project("{FAE04EC0-301F-11D3-BF4B-00C04F79EFBC}") = "BB_SiteReloaded", "BB_SiteReloaded\BB_SiteReloaded.csproj", "{1A7489FE-7CCB-4981-9303-2EB5A015F7BE}"
EndProject
Global
	GlobalSection(SolutionConfigurationPlatforms) = preSolution
		Debug|Any CPU = Debug|Any CPU
		Release|Any CPU = Release|Any CPU
	EndGlobalSection
	GlobalSection(ProjectConfigurationPlatforms) = postSolution
		{1A7489FE-7CCB-4981-9303-2EB5A015F7BE}.Debug|Any CPU.ActiveCfg = Debug|Any CPU
		{1A7489FE-7CCB-4981-9303-2EB5A015F7BE}.Debug|Any CPU.Build.0 = Debug|Any CPU
		{1A7489FE-7CCB-4981-9303-2EB5A015F7BE}.Release|Any CPU.ActiveCfg = Release|Any CPU
		{1A7489FE-7CCB-4981-9303-2EB5A015F7BE}.Release|Any CPU.Build.0 = Release|Any CPU
	EndGlobalSection
	GlobalSection(SolutionProperties) = preSolution
		HideSolutionNode = FALSE
	EndGlobalSection
	GlobalSection(ExtensibilityGlobals) = postSolution
		SolutionGuid = {76A541C3-7D35-4404-90CF-0FBF74D25FB3}
	EndGlobalSection
EndGlobal
